
Microsoft Visual Studio Solution File, Format Version 12.00
# Visual Studio Version 17
VisualStudioVersion = 17.4.33103.184
MinimumVisualStudioVersion = 10.0.40219.1
Project("{2150E333-8FDC-42A3-9474-1A3956D46DE8}") = "03 - Infrastructure", "03 - Infrastructure", "{49DBE440-AE10-481E-AD10-182131FC3E93}"
EndProject
Project("{2150E333-8FDC-42A3-9474-1A3956D46DE8}") = "01 - Presentation", "01 - Presentation", "{D147C757-BB5D-4DE6-B896-AB6AB6ADC4CD}"
EndProject
Project("{2150E333-8FDC-42A3-9474-1A3956D46DE8}") = "02 - Domain", "02 - Domain", "{BD4D116E-A5F6-4996-8E13-9F9E153E374F}"
EndProject
Project("{9A19103F-16F7-4668-BE54-9A1E7A4F7556}") = "Bryan.Proof.Auth.Domain", "src\Auth\Bryan.Proof.Auth.Domain\Bryan.Proof.Auth.Domain.csproj", "{E540F05A-04BA-4AAB-8700-5DC280EF7B6E}"
EndProject
Project("{9A19103F-16F7-4668-BE54-9A1E7A4F7556}") = "Bryan.Proof.Auth.Api", "src\Auth\Bryan.Proof.Auth.Api\Bryan.Proof.Auth.Api.csproj", "{ECAC4B35-2C76-46DE-895F-B9A5338E4893}"
EndProject
Project("{9A19103F-16F7-4668-BE54-9A1E7A4F7556}") = "Bryan.Proof.Auth.Api.Tests", "test\Bryan.Proof.Auth.Api.Tests\Bryan.Proof.Auth.Api.Tests.csproj", "{5348A2A6-65C7-4699-9C69-406439E23E5E}"
EndProject
Project("{2150E333-8FDC-42A3-9474-1A3956D46DE8}") = "99 - Solution Itens", "99 - Solution Itens", "{CDF95204-4CAE-4BA6-878A-DFBCE299C4FE}"
	ProjectSection(SolutionItems) = preProject
		azure-pipelines.yml = azure-pipelines.yml
		README.md = README.md
	EndProjectSection
EndProject
Project("{2150E333-8FDC-42A3-9474-1A3956D46DE8}") = "98 - BuildingBlocks", "98 - BuildingBlocks", "{AB697A37-4692-432B-91BE-0E644F0B9471}"
EndProject
Project("{2150E333-8FDC-42A3-9474-1A3956D46DE8}") = "04 - CrossCutting", "04 - CrossCutting", "{F24E394F-8BC1-49E3-9A05-2635790E09AC}"
EndProject
Project("{9A19103F-16F7-4668-BE54-9A1E7A4F7556}") = "Bryan.Proof.Auth.IoC", "src\Auth\Bryan.Proof.Auth.Ioc\Bryan.Proof.Auth.IoC.csproj", "{54A8F8B4-7026-4886-9C20-ECCFEEF4EFEF}"
EndProject
Project("{9A19103F-16F7-4668-BE54-9A1E7A4F7556}") = "Bryan.Proof.Auth.Api.Client", "src\Auth\Bryan.Proof.Auth.Api.Client\Bryan.Proof.Auth.Api.Client.csproj", "{68243282-8D70-4D6E-9A56-029CE638BB34}"
EndProject
Project("{9A19103F-16F7-4668-BE54-9A1E7A4F7556}") = "Bryan.MediatR.Extensions", "Bryan.Packages\Bryan.MediatR.Extensions\Bryan.MediatR.Extensions.csproj", "{86B489B4-5319-4B44-83F6-030E9A02F983}"
EndProject
Project("{9A19103F-16F7-4668-BE54-9A1E7A4F7556}") = "Bryan.Serilog", "Bryan.Packages\Bryan.Serilog\Bryan.Serilog.csproj", "{721713A5-FDE2-489A-975F-A6EBBC35A81C}"
EndProject
Project("{9A19103F-16F7-4668-BE54-9A1E7A4F7556}") = "Bryan.HttpClients.Extensions", "Bryan.Packages\Bryan.HttpClients.Extensions\Bryan.HttpClients.Extensions.csproj", "{56BD5DEB-345A-49A7-A7DC-161910FCC77B}"
EndProject
Project("{9A19103F-16F7-4668-BE54-9A1E7A4F7556}") = "Bryan.Swagger", "Bryan.Packages\Bryan.Swagger\Bryan.Swagger.csproj", "{93BA8EBE-F886-4DB0-8DD1-8313509BBE51}"
EndProject
Project("{9A19103F-16F7-4668-BE54-9A1E7A4F7556}") = "Bryan.Proof.Auth.Data", "src\Auth\Bryan.Proof.Auth.Data\Bryan.Proof.Auth.Data.csproj", "{9E03F00E-0FEE-4BA8-B4C4-D343CF86D7CF}"
EndProject
Project("{9A19103F-16F7-4668-BE54-9A1E7A4F7556}") = "Bryan.Dynamo.Abstractions", "Bryan.Packages\Bryan.Dynamo.Abstractions\Bryan.Dynamo.Abstractions.csproj", "{C734F93C-80C8-4749-90A7-1D011411299E}"
EndProject
Project("{9A19103F-16F7-4668-BE54-9A1E7A4F7556}") = "Bryan.TokenAuth", "Bryan.Packages\Bryan.TokenAuth\Bryan.TokenAuth.csproj", "{EFDA8968-B6E0-48B0-9B98-A5F37D05281B}"
EndProject
Project("{9A19103F-16F7-4668-BE54-9A1E7A4F7556}") = "Bryan.AspNet.Middlewares", "Bryan.Packages\Bryan.AspNet.Middlewares\Bryan.AspNet.Middlewares.csproj", "{4FC69E6D-251F-4F6C-A00A-3629F4A36BF3}"
EndProject
Project("{9A19103F-16F7-4668-BE54-9A1E7A4F7556}") = "Bryan.DotNet.OpenTelemetry.Extensions", "Bryan.Packages\Bryan.DotNet.OpenTelemetry.Extensions\Bryan.DotNet.OpenTelemetry.Extensions.csproj", "{4F55A376-7110-40EF-9C39-D8BDD4BA8D26}"
EndProject
Project("{9A19103F-16F7-4668-BE54-9A1E7A4F7556}") = "Bryan.MethodResult", "Bryan.Packages\Bryan.MethodResult\Bryan.MethodResult.csproj", "{FE28019B-C820-44AD-9888-73671A507E8A}"
EndProject
Project("{2150E333-8FDC-42A3-9474-1A3956D46DE8}") = "Auth", "Auth", "{A39BAB07-06A2-45D7-A1B0-A7C80B6C1D47}"
EndProject
Project("{2150E333-8FDC-42A3-9474-1A3956D46DE8}") = "Transaction", "Transaction", "{7253C009-D451-4249-96DD-0730AD675277}"
EndProject
Project("{2150E333-8FDC-42A3-9474-1A3956D46DE8}") = "Reporting", "Reporting", "{7E4F5725-0125-4825-9850-40F13F6974A0}"
EndProject
Project("{2150E333-8FDC-42A3-9474-1A3956D46DE8}") = "00 - App", "00 - App", "{6B786E35-4B30-49FA-B972-F5E334F33FBE}"
EndProject
Global
	GlobalSection(SolutionConfigurationPlatforms) = preSolution
		Debug|Any CPU = Debug|Any CPU
		Release|Any CPU = Release|Any CPU
	EndGlobalSection
	GlobalSection(ProjectConfigurationPlatforms) = postSolution
		{E540F05A-04BA-4AAB-8700-5DC280EF7B6E}.Debug|Any CPU.ActiveCfg = Debug|Any CPU
		{E540F05A-04BA-4AAB-8700-5DC280EF7B6E}.Debug|Any CPU.Build.0 = Debug|Any CPU
		{E540F05A-04BA-4AAB-8700-5DC280EF7B6E}.Release|Any CPU.ActiveCfg = Release|Any CPU
		{E540F05A-04BA-4AAB-8700-5DC280EF7B6E}.Release|Any CPU.Build.0 = Release|Any CPU
		{ECAC4B35-2C76-46DE-895F-B9A5338E4893}.Debug|Any CPU.ActiveCfg = Debug|Any CPU
		{ECAC4B35-2C76-46DE-895F-B9A5338E4893}.Debug|Any CPU.Build.0 = Debug|Any CPU
		{ECAC4B35-2C76-46DE-895F-B9A5338E4893}.Release|Any CPU.ActiveCfg = Release|Any CPU
		{ECAC4B35-2C76-46DE-895F-B9A5338E4893}.Release|Any CPU.Build.0 = Release|Any CPU
		{5348A2A6-65C7-4699-9C69-406439E23E5E}.Debug|Any CPU.ActiveCfg = Debug|Any CPU
		{5348A2A6-65C7-4699-9C69-406439E23E5E}.Debug|Any CPU.Build.0 = Debug|Any CPU
		{5348A2A6-65C7-4699-9C69-406439E23E5E}.Release|Any CPU.ActiveCfg = Release|Any CPU
		{5348A2A6-65C7-4699-9C69-406439E23E5E}.Release|Any CPU.Build.0 = Release|Any CPU
		{54A8F8B4-7026-4886-9C20-ECCFEEF4EFEF}.Debug|Any CPU.ActiveCfg = Debug|Any CPU
		{54A8F8B4-7026-4886-9C20-ECCFEEF4EFEF}.Debug|Any CPU.Build.0 = Debug|Any CPU
		{54A8F8B4-7026-4886-9C20-ECCFEEF4EFEF}.Release|Any CPU.ActiveCfg = Release|Any CPU
		{54A8F8B4-7026-4886-9C20-ECCFEEF4EFEF}.Release|Any CPU.Build.0 = Release|Any CPU
		{68243282-8D70-4D6E-9A56-029CE638BB34}.Debug|Any CPU.ActiveCfg = Debug|Any CPU
		{68243282-8D70-4D6E-9A56-029CE638BB34}.Debug|Any CPU.Build.0 = Debug|Any CPU
		{68243282-8D70-4D6E-9A56-029CE638BB34}.Release|Any CPU.ActiveCfg = Release|Any CPU
		{68243282-8D70-4D6E-9A56-029CE638BB34}.Release|Any CPU.Build.0 = Release|Any CPU
		{86B489B4-5319-4B44-83F6-030E9A02F983}.Debug|Any CPU.ActiveCfg = Debug|Any CPU
		{86B489B4-5319-4B44-83F6-030E9A02F983}.Debug|Any CPU.Build.0 = Debug|Any CPU
		{86B489B4-5319-4B44-83F6-030E9A02F983}.Release|Any CPU.ActiveCfg = Release|Any CPU
		{86B489B4-5319-4B44-83F6-030E9A02F983}.Release|Any CPU.Build.0 = Release|Any CPU
		{721713A5-FDE2-489A-975F-A6EBBC35A81C}.Debug|Any CPU.ActiveCfg = Debug|Any CPU
		{721713A5-FDE2-489A-975F-A6EBBC35A81C}.Debug|Any CPU.Build.0 = Debug|Any CPU
		{721713A5-FDE2-489A-975F-A6EBBC35A81C}.Release|Any CPU.ActiveCfg = Release|Any CPU
		{721713A5-FDE2-489A-975F-A6EBBC35A81C}.Release|Any CPU.Build.0 = Release|Any CPU
		{56BD5DEB-345A-49A7-A7DC-161910FCC77B}.Debug|Any CPU.ActiveCfg = Debug|Any CPU
		{56BD5DEB-345A-49A7-A7DC-161910FCC77B}.Debug|Any CPU.Build.0 = Debug|Any CPU
		{56BD5DEB-345A-49A7-A7DC-161910FCC77B}.Release|Any CPU.ActiveCfg = Release|Any CPU
		{56BD5DEB-345A-49A7-A7DC-161910FCC77B}.Release|Any CPU.Build.0 = Release|Any CPU
		{93BA8EBE-F886-4DB0-8DD1-8313509BBE51}.Debug|Any CPU.ActiveCfg = Debug|Any CPU
		{93BA8EBE-F886-4DB0-8DD1-8313509BBE51}.Debug|Any CPU.Build.0 = Debug|Any CPU
		{93BA8EBE-F886-4DB0-8DD1-8313509BBE51}.Release|Any CPU.ActiveCfg = Release|Any CPU
		{93BA8EBE-F886-4DB0-8DD1-8313509BBE51}.Release|Any CPU.Build.0 = Release|Any CPU
		{9E03F00E-0FEE-4BA8-B4C4-D343CF86D7CF}.Debug|Any CPU.ActiveCfg = Debug|Any CPU
		{9E03F00E-0FEE-4BA8-B4C4-D343CF86D7CF}.Debug|Any CPU.Build.0 = Debug|Any CPU
		{9E03F00E-0FEE-4BA8-B4C4-D343CF86D7CF}.Release|Any CPU.ActiveCfg = Release|Any CPU
		{9E03F00E-0FEE-4BA8-B4C4-D343CF86D7CF}.Release|Any CPU.Build.0 = Release|Any CPU
		{C734F93C-80C8-4749-90A7-1D011411299E}.Debug|Any CPU.ActiveCfg = Debug|Any CPU
		{C734F93C-80C8-4749-90A7-1D011411299E}.Debug|Any CPU.Build.0 = Debug|Any CPU
		{C734F93C-80C8-4749-90A7-1D011411299E}.Release|Any CPU.ActiveCfg = Release|Any CPU
		{C734F93C-80C8-4749-90A7-1D011411299E}.Release|Any CPU.Build.0 = Release|Any CPU
		{EFDA8968-B6E0-48B0-9B98-A5F37D05281B}.Debug|Any CPU.ActiveCfg = Debug|Any CPU
		{EFDA8968-B6E0-48B0-9B98-A5F37D05281B}.Debug|Any CPU.Build.0 = Debug|Any CPU
		{EFDA8968-B6E0-48B0-9B98-A5F37D05281B}.Release|Any CPU.ActiveCfg = Release|Any CPU
		{EFDA8968-B6E0-48B0-9B98-A5F37D05281B}.Release|Any CPU.Build.0 = Release|Any CPU
		{4FC69E6D-251F-4F6C-A00A-3629F4A36BF3}.Debug|Any CPU.ActiveCfg = Debug|Any CPU
		{4FC69E6D-251F-4F6C-A00A-3629F4A36BF3}.Debug|Any CPU.Build.0 = Debug|Any CPU
		{4FC69E6D-251F-4F6C-A00A-3629F4A36BF3}.Release|Any CPU.ActiveCfg = Release|Any CPU
		{4FC69E6D-251F-4F6C-A00A-3629F4A36BF3}.Release|Any CPU.Build.0 = Release|Any CPU
		{4F55A376-7110-40EF-9C39-D8BDD4BA8D26}.Debug|Any CPU.ActiveCfg = Debug|Any CPU
		{4F55A376-7110-40EF-9C39-D8BDD4BA8D26}.Debug|Any CPU.Build.0 = Debug|Any CPU
		{4F55A376-7110-40EF-9C39-D8BDD4BA8D26}.Release|Any CPU.ActiveCfg = Release|Any CPU
		{4F55A376-7110-40EF-9C39-D8BDD4BA8D26}.Release|Any CPU.Build.0 = Release|Any CPU
		{FE28019B-C820-44AD-9888-73671A507E8A}.Debug|Any CPU.ActiveCfg = Debug|Any CPU
		{FE28019B-C820-44AD-9888-73671A507E8A}.Debug|Any CPU.Build.0 = Debug|Any CPU
		{FE28019B-C820-44AD-9888-73671A507E8A}.Release|Any CPU.ActiveCfg = Release|Any CPU
		{FE28019B-C820-44AD-9888-73671A507E8A}.Release|Any CPU.Build.0 = Release|Any CPU
	EndGlobalSection
	GlobalSection(SolutionProperties) = preSolution
		HideSolutionNode = FALSE
	EndGlobalSection
	GlobalSection(NestedProjects) = preSolution
		{E540F05A-04BA-4AAB-8700-5DC280EF7B6E} = {BD4D116E-A5F6-4996-8E13-9F9E153E374F}
		{ECAC4B35-2C76-46DE-895F-B9A5338E4893} = {A39BAB07-06A2-45D7-A1B0-A7C80B6C1D47}
		{5348A2A6-65C7-4699-9C69-406439E23E5E} = {A39BAB07-06A2-45D7-A1B0-A7C80B6C1D47}
		{54A8F8B4-7026-4886-9C20-ECCFEEF4EFEF} = {F24E394F-8BC1-49E3-9A05-2635790E09AC}
		{68243282-8D70-4D6E-9A56-029CE638BB34} = {A39BAB07-06A2-45D7-A1B0-A7C80B6C1D47}
		{86B489B4-5319-4B44-83F6-030E9A02F983} = {AB697A37-4692-432B-91BE-0E644F0B9471}
		{721713A5-FDE2-489A-975F-A6EBBC35A81C} = {AB697A37-4692-432B-91BE-0E644F0B9471}
		{56BD5DEB-345A-49A7-A7DC-161910FCC77B} = {AB697A37-4692-432B-91BE-0E644F0B9471}
		{93BA8EBE-F886-4DB0-8DD1-8313509BBE51} = {AB697A37-4692-432B-91BE-0E644F0B9471}
		{9E03F00E-0FEE-4BA8-B4C4-D343CF86D7CF} = {49DBE440-AE10-481E-AD10-182131FC3E93}
		{C734F93C-80C8-4749-90A7-1D011411299E} = {AB697A37-4692-432B-91BE-0E644F0B9471}
		{EFDA8968-B6E0-48B0-9B98-A5F37D05281B} = {AB697A37-4692-432B-91BE-0E644F0B9471}
		{4FC69E6D-251F-4F6C-A00A-3629F4A36BF3} = {AB697A37-4692-432B-91BE-0E644F0B9471}
		{4F55A376-7110-40EF-9C39-D8BDD4BA8D26} = {AB697A37-4692-432B-91BE-0E644F0B9471}
		{FE28019B-C820-44AD-9888-73671A507E8A} = {AB697A37-4692-432B-91BE-0E644F0B9471}
		{A39BAB07-06A2-45D7-A1B0-A7C80B6C1D47} = {D147C757-BB5D-4DE6-B896-AB6AB6ADC4CD}
		{7253C009-D451-4249-96DD-0730AD675277} = {D147C757-BB5D-4DE6-B896-AB6AB6ADC4CD}
		{7E4F5725-0125-4825-9850-40F13F6974A0} = {D147C757-BB5D-4DE6-B896-AB6AB6ADC4CD}
	EndGlobalSection
	GlobalSection(ExtensibilityGlobals) = postSolution
		SolutionGuid = {DA4CD175-60A8-4115-B473-4ED2108C7C7B}
	EndGlobalSection
EndGlobal
